{
    "version": 3,
    "terraform_version": "0.11.10",
    "serial": 10,
    "lineage": "023453ee-9b72-30c3-fef6-6abfdf413908",
    "modules": [
        {
            "path": [
                "root"
            ],
            "outputs": {
                "ID": {
                    "sensitive": false,
                    "type": "string",
                    "value": "i-01b8ba46f1a1fb576"
                },
                "public_ip": {
                    "sensitive": false,
                    "type": "string",
                    "value": "34.242.89.14"
                }
            },
            "resources": {
                "aws_instance.instance1": {
                    "type": "aws_instance",
                    "depends_on": [
                        "aws_security_group.artemis",
                        "aws_subnet.artemis-public"
                    ],
                    "primary": {
                        "id": "i-01b8ba46f1a1fb576",
                        "attributes": {
                            "ami": "ami-0c21ae4a3bd190229",
                            "arn": "arn:aws:ec2:eu-west-1:548980659857:instance/i-01b8ba46f1a1fb576",
                            "associate_public_ip_address": "true",
                            "availability_zone": "eu-west-1a",
                            "cpu_core_count": "1",
                            "cpu_threads_per_core": "1",
                            "credit_specification.#": "1",
                            "credit_specification.0.cpu_credits": "standard",
                            "disable_api_termination": "false",
                            "ebs_block_device.#": "0",
                            "ebs_optimized": "false",
                            "ephemeral_block_device.#": "0",
                            "get_password_data": "false",
                            "iam_instance_profile": "",
                            "id": "i-01b8ba46f1a1fb576",
                            "instance_state": "running",
                            "instance_type": "t2.micro",
                            "ipv6_addresses.#": "0",
                            "key_name": "project1",
                            "monitoring": "false",
                            "network_interface.#": "0",
                            "network_interface_id": "eni-068abddcbd74e2ff0",
                            "password_data": "",
                            "placement_group": "",
                            "primary_network_interface_id": "eni-068abddcbd74e2ff0",
                            "private_dns": "ip-10-0-2-208.eu-west-1.compute.internal",
                            "private_ip": "10.0.2.208",
                            "public_dns": "",
                            "public_ip": "34.242.89.14",
                            "root_block_device.#": "1",
                            "root_block_device.0.delete_on_termination": "true",
                            "root_block_device.0.iops": "100",
                            "root_block_device.0.volume_id": "vol-0de2389abddf4da34",
                            "root_block_device.0.volume_size": "8",
                            "root_block_device.0.volume_type": "gp2",
                            "security_groups.#": "0",
                            "source_dest_check": "true",
                            "subnet_id": "subnet-06e5ee8ae5ab6e6ab",
                            "tags.%": "0",
                            "tenancy": "default",
                            "user_data": "1930f4ef837d021a28441b200e8485327ea587fa",
                            "volume_tags.%": "0",
                            "vpc_security_group_ids.#": "1",
                            "vpc_security_group_ids.1105379756": "sg-069098b6f08606bb9"
                        },
                        "meta": {
                            "e2bfb730-ecaa-11e6-8f88-34363bc7c4c0": {
                                "create": 600000000000,
                                "delete": 1200000000000,
                                "update": 600000000000
                            },
                            "schema_version": "1"
                        },
                        "tainted": false
                    },
                    "deposed": [],
                    "provider": "provider.aws"
                },
                "aws_internet_gateway.artemis": {
                    "type": "aws_internet_gateway",
                    "depends_on": [
                        "aws_vpc.main"
                    ],
                    "primary": {
                        "id": "igw-0ca51f4a2e41b8ea3",
                        "attributes": {
                            "id": "igw-0ca51f4a2e41b8ea3",
                            "tags.%": "0",
                            "vpc_id": "vpc-0d0142bbfbb8e465b"
                        },
                        "meta": {},
                        "tainted": false
                    },
                    "deposed": [],
                    "provider": "provider.aws"
                },
                "aws_key_pair.project1": {
                    "type": "aws_key_pair",
                    "depends_on": [],
                    "primary": {
                        "id": "project1",
                        "attributes": {
                            "fingerprint": "99:1f:7c:d0:18:b4:bd:b3:8c:b0:d2:c3:90:0b:4c:22",
                            "id": "project1",
                            "key_name": "project1",
                            "public_key": "ssh-rsa AAAAB3NzaC1yc2EAAAADAQABAAABAQDMtwv3HsQCbd5tp/uiZDIj6XuYJnzGd3j8xoyM2VbaXOF34oD/U+sAym5vRsizVM9ANFWp2z437lGNmym2TdAo+NEmNkG6U14E7XDqWPwMpj2JaKzvXTgiP+a4Mkb/A8EYg+ZnAl7DERvVDizlFFXUwUq05ThVu86PxnzIF95azLBjRlW3KXGApt6EeFZoZZhEXm5p1HPghIwZAu6Lwq6ObWXQ2IiY4blv2+rb0kDF3OGpdYfASrn6V7HLEPhhBaiyLEYXrX1XmSwdVdjTFawGRsopo57zz5KjV7plTCwN1H4b1hvLTt0Y4+IICkIVByqNZYerjpinTtBEuqAznuUb root@terraform"
                        },
                        "meta": {
                            "schema_version": "1"
                        },
                        "tainted": false
                    },
                    "deposed": [],
                    "provider": "provider.aws"
                },
                "aws_route_table.artemis": {
                    "type": "aws_route_table",
                    "depends_on": [
                        "aws_internet_gateway.artemis",
                        "aws_vpc.main"
                    ],
                    "primary": {
                        "id": "rtb-08e913d9ac20d0eef",
                        "attributes": {
                            "id": "rtb-08e913d9ac20d0eef",
                            "propagating_vgws.#": "0",
                            "route.#": "1",
                            "route.2188226585.cidr_block": "0.0.0.0/0",
                            "route.2188226585.egress_only_gateway_id": "",
                            "route.2188226585.gateway_id": "igw-0ca51f4a2e41b8ea3",
                            "route.2188226585.instance_id": "",
                            "route.2188226585.ipv6_cidr_block": "",
                            "route.2188226585.nat_gateway_id": "",
                            "route.2188226585.network_interface_id": "",
                            "route.2188226585.vpc_peering_connection_id": "",
                            "tags.%": "0",
                            "vpc_id": "vpc-0d0142bbfbb8e465b"
                        },
                        "meta": {},
                        "tainted": false
                    },
                    "deposed": [],
                    "provider": "provider.aws"
                },
                "aws_route_table_association.artemis": {
                    "type": "aws_route_table_association",
                    "depends_on": [
                        "aws_route_table.artemis",
                        "aws_subnet.artemis-public"
                    ],
                    "primary": {
                        "id": "rtbassoc-038eda5ef17fccf9f",
                        "attributes": {
                            "id": "rtbassoc-038eda5ef17fccf9f",
                            "route_table_id": "rtb-08e913d9ac20d0eef",
                            "subnet_id": "subnet-06e5ee8ae5ab6e6ab"
                        },
                        "meta": {},
                        "tainted": false
                    },
                    "deposed": [],
                    "provider": "provider.aws"
                },
                "aws_security_group.artemis": {
                    "type": "aws_security_group",
                    "depends_on": [
                        "aws_vpc.main"
                    ],
                    "primary": {
                        "id": "sg-069098b6f08606bb9",
                        "attributes": {
                            "arn": "arn:aws:ec2:eu-west-1:548980659857:security-group/sg-069098b6f08606bb9",
                            "description": "Artemis Security Group",
                            "egress.#": "1",
                            "egress.482069346.cidr_blocks.#": "1",
                            "egress.482069346.cidr_blocks.0": "0.0.0.0/0",
                            "egress.482069346.description": "",
                            "egress.482069346.from_port": "0",
                            "egress.482069346.ipv6_cidr_blocks.#": "0",
                            "egress.482069346.prefix_list_ids.#": "0",
                            "egress.482069346.protocol": "-1",
                            "egress.482069346.security_groups.#": "0",
                            "egress.482069346.self": "false",
                            "egress.482069346.to_port": "0",
                            "id": "sg-069098b6f08606bb9",
                            "ingress.#": "1",
                            "ingress.482069346.cidr_blocks.#": "1",
                            "ingress.482069346.cidr_blocks.0": "0.0.0.0/0",
                            "ingress.482069346.description": "",
                            "ingress.482069346.from_port": "0",
                            "ingress.482069346.ipv6_cidr_blocks.#": "0",
                            "ingress.482069346.prefix_list_ids.#": "0",
                            "ingress.482069346.protocol": "-1",
                            "ingress.482069346.security_groups.#": "0",
                            "ingress.482069346.self": "false",
                            "ingress.482069346.to_port": "0",
                            "name": "artemis",
                            "owner_id": "548980659857",
                            "revoke_rules_on_delete": "false",
                            "tags.%": "0",
                            "vpc_id": "vpc-0d0142bbfbb8e465b"
                        },
                        "meta": {
                            "e2bfb730-ecaa-11e6-8f88-34363bc7c4c0": {
                                "create": 600000000000,
                                "delete": 600000000000
                            },
                            "schema_version": "1"
                        },
                        "tainted": false
                    },
                    "deposed": [],
                    "provider": "provider.aws"
                },
                "aws_subnet.artemis-private": {
                    "type": "aws_subnet",
                    "depends_on": [
                        "aws_vpc.main"
                    ],
                    "primary": {
                        "id": "subnet-0b6efee2af9891002",
                        "attributes": {
                            "arn": "arn:aws:ec2:eu-west-1:548980659857:subnet/subnet-0b6efee2af9891002",
                            "assign_ipv6_address_on_creation": "false",
                            "availability_zone": "eu-west-1a",
                            "cidr_block": "10.0.1.0/24",
                            "id": "subnet-0b6efee2af9891002",
                            "map_public_ip_on_launch": "false",
                            "tags.%": "0",
                            "vpc_id": "vpc-0d0142bbfbb8e465b"
                        },
                        "meta": {
                            "e2bfb730-ecaa-11e6-8f88-34363bc7c4c0": {
                                "create": 600000000000,
                                "delete": 600000000000
                            },
                            "schema_version": "1"
                        },
                        "tainted": false
                    },
                    "deposed": [],
                    "provider": "provider.aws"
                },
                "aws_subnet.artemis-public": {
                    "type": "aws_subnet",
                    "depends_on": [
                        "aws_vpc.main"
                    ],
                    "primary": {
                        "id": "subnet-06e5ee8ae5ab6e6ab",
                        "attributes": {
                            "arn": "arn:aws:ec2:eu-west-1:548980659857:subnet/subnet-06e5ee8ae5ab6e6ab",
                            "assign_ipv6_address_on_creation": "false",
                            "availability_zone": "eu-west-1a",
                            "cidr_block": "10.0.2.0/24",
                            "id": "subnet-06e5ee8ae5ab6e6ab",
                            "map_public_ip_on_launch": "false",
                            "tags.%": "0",
                            "vpc_id": "vpc-0d0142bbfbb8e465b"
                        },
                        "meta": {
                            "e2bfb730-ecaa-11e6-8f88-34363bc7c4c0": {
                                "create": 600000000000,
                                "delete": 600000000000
                            },
                            "schema_version": "1"
                        },
                        "tainted": false
                    },
                    "deposed": [],
                    "provider": "provider.aws"
                },
                "aws_vpc.main": {
                    "type": "aws_vpc",
                    "depends_on": [],
                    "primary": {
                        "id": "vpc-0d0142bbfbb8e465b",
                        "attributes": {
                            "arn": "arn:aws:ec2:eu-west-1:548980659857:vpc/vpc-0d0142bbfbb8e465b",
                            "assign_generated_ipv6_cidr_block": "false",
                            "cidr_block": "10.0.0.0/16",
                            "default_network_acl_id": "acl-0515d5cb3f86f0257",
                            "default_route_table_id": "rtb-031ea11a9df3f2795",
                            "default_security_group_id": "sg-0457fbacceda1be93",
                            "dhcp_options_id": "dopt-fda6319b",
                            "enable_classiclink": "false",
                            "enable_classiclink_dns_support": "false",
                            "enable_dns_hostnames": "false",
                            "enable_dns_support": "true",
                            "id": "vpc-0d0142bbfbb8e465b",
                            "instance_tenancy": "default",
                            "main_route_table_id": "rtb-031ea11a9df3f2795",
                            "tags.%": "0"
                        },
                        "meta": {
                            "schema_version": "1"
                        },
                        "tainted": false
                    },
                    "deposed": [],
                    "provider": "provider.aws"
                }
            },
            "depends_on": []
        }
    ]
}
